{
  "name": "fyxer-omnibar",
  "version": "1.0.0",
  "lockfileVersion": 3,
  "requires": true,
  "packages": {
    "": {
      "name": "fyxer-omnibar",
      "version": "1.0.0",
      "license": "MIT",
      "bin": {
        "omnibar": "src/cli.mjs"
      },
      "engines": {
        "node": ">=18"
      }
    }
  }
}
